
Microsoft Visual Studio Solution File, Format Version 12.00
# Visual Studio Version 17
VisualStudioVersion = 17.10.35013.160
MinimumVisualStudioVersion = 10.0.40219.1
Project("{9A19103F-16F7-4668-BE54-9A1E7A4F7556}") = "SubscriptionBillingAndNotification", "SubscriptionBillingAndNotification.csproj", "{AB0ADCEF-D056-4C26-99A3-3EBA9DFF0DC8}"
EndProject
Project("{9A19103F-16F7-4668-BE54-9A1E7A4F7556}") = "SubscriptionBillingAndNotificationCore", "..\SubscriptionBillingAndNotificationCore\SubscriptionBillingAndNotificationCore.csproj", "{C19F1B14-D9BB-4F97-A2C2-CA5CAF14DE9C}"
EndProject
Project("{FAE04EC0-301F-11D3-BF4B-00C04F79EFBC}") = "Test", "..\SubscriptionBillingAndNotificationTest\Test\Test.csproj", "{543EF213-DE53-46EC-95C5-D292540E9693}"
EndProject
Global
	GlobalSection(SolutionConfigurationPlatforms) = preSolution
		Debug|Any CPU = Debug|Any CPU
		Release|Any CPU = Release|Any CPU
	EndGlobalSection
	GlobalSection(ProjectConfigurationPlatforms) = postSolution
		{AB0ADCEF-D056-4C26-99A3-3EBA9DFF0DC8}.Debug|Any CPU.ActiveCfg = Debug|Any CPU
		{AB0ADCEF-D056-4C26-99A3-3EBA9DFF0DC8}.Debug|Any CPU.Build.0 = Debug|Any CPU
		{AB0ADCEF-D056-4C26-99A3-3EBA9DFF0DC8}.Release|Any CPU.ActiveCfg = Release|Any CPU
		{AB0ADCEF-D056-4C26-99A3-3EBA9DFF0DC8}.Release|Any CPU.Build.0 = Release|Any CPU
		{C19F1B14-D9BB-4F97-A2C2-CA5CAF14DE9C}.Debug|Any CPU.ActiveCfg = Debug|Any CPU
		{C19F1B14-D9BB-4F97-A2C2-CA5CAF14DE9C}.Debug|Any CPU.Build.0 = Debug|Any CPU
		{C19F1B14-D9BB-4F97-A2C2-CA5CAF14DE9C}.Release|Any CPU.ActiveCfg = Release|Any CPU
		{C19F1B14-D9BB-4F97-A2C2-CA5CAF14DE9C}.Release|Any CPU.Build.0 = Release|Any CPU
		{543EF213-DE53-46EC-95C5-D292540E9693}.Debug|Any CPU.ActiveCfg = Debug|Any CPU
		{543EF213-DE53-46EC-95C5-D292540E9693}.Debug|Any CPU.Build.0 = Debug|Any CPU
		{543EF213-DE53-46EC-95C5-D292540E9693}.Release|Any CPU.ActiveCfg = Release|Any CPU
		{543EF213-DE53-46EC-95C5-D292540E9693}.Release|Any CPU.Build.0 = Release|Any CPU
	EndGlobalSection
	GlobalSection(SolutionProperties) = preSolution
		HideSolutionNode = FALSE
	EndGlobalSection
	GlobalSection(ExtensibilityGlobals) = postSolution
		SolutionGuid = {1A0AD4C4-48E4-4021-89F4-31339ED2C77C}
	EndGlobalSection
EndGlobal
